
Microsoft Visual Studio Solution File, Format Version 12.00
# Visual Studio Version 17
VisualStudioVersion = 17.8.34525.116
MinimumVisualStudioVersion = 10.0.40219.1
Project("{FAE04EC0-301F-11D3-BF4B-00C04F79EFBC}") = "TradesAlg", "TradesAlg\TradesAlg.csproj", "{EE04EBCB-891D-4669-91F6-7E147D32E539}"
EndProject
Global
	GlobalSection(SolutionConfigurationPlatforms) = preSolution
		Debug|Any CPU = Debug|Any CPU
		Release|Any CPU = Release|Any CPU
	EndGlobalSection
	GlobalSection(ProjectConfigurationPlatforms) = postSolution
		{EE04EBCB-891D-4669-91F6-7E147D32E539}.Debug|Any CPU.ActiveCfg = Debug|Any CPU
		{EE04EBCB-891D-4669-91F6-7E147D32E539}.Debug|Any CPU.Build.0 = Debug|Any CPU
		{EE04EBCB-891D-4669-91F6-7E147D32E539}.Release|Any CPU.ActiveCfg = Release|Any CPU
		{EE04EBCB-891D-4669-91F6-7E147D32E539}.Release|Any CPU.Build.0 = Release|Any CPU
	EndGlobalSection
	GlobalSection(SolutionProperties) = preSolution
		HideSolutionNode = FALSE
	EndGlobalSection
	GlobalSection(ExtensibilityGlobals) = postSolution
		SolutionGuid = {04E79C0B-4ABE-4085-9882-2B73C02A0F60}
	EndGlobalSection
EndGlobal
